// !$*UTF8*$!
{
	archiveVersion = 1;
	classes = {
	};
	objectVersion = 46;
	objects = {

/* Begin PBXBuildFile section */
		FD9626F91EFA2C3100C8567A /* UtilityFile.swift in Sources */ = {isa = PBXBuildFile; fileRef = FD9626F81EFA2C3100C8567A /* UtilityFile.swift */; };
		FDCCBAF01EEC771400B7D151 /* AppDelegate.swift in Sources */ = {isa = PBXBuildFile; fileRef = FDCCBAEF1EEC771400B7D151 /* AppDelegate.swift */; };
		FDCCBAF21EEC771400B7D151 /* ViewController.swift in Sources */ = {isa = PBXBuildFile; fileRef = FDCCBAF11EEC771400B7D151 /* ViewController.swift */; };
		FDCCBAF51EEC771400B7D151 /* Main.storyboard in Resources */ = {isa = PBXBuildFile; fileRef = FDCCBAF31EEC771400B7D151 /* Main.storyboard */; };
		FDCCBAF81EEC771400B7D151 /* myPasswords.xcdatamodeld in Sources */ = {isa = PBXBuildFile; fileRef = FDCCBAF61EEC771400B7D151 /* myPasswords.xcdatamodeld */; };
		FDCCBAFA1EEC771400B7D151 /* Assets.xcassets in Resources */ = {isa = PBXBuildFile; fileRef = FDCCBAF91EEC771400B7D151 /* Assets.xcassets */; };
		FDCCBAFD1EEC771400B7D151 /* LaunchScreen.storyboard in Resources */ = {isa = PBXBuildFile; fileRef = FDCCBAFB1EEC771400B7D151 /* LaunchScreen.storyboard */; };
		FDCCBB051EEC83CC00B7D151 /* hand-holding-old-keys-1462981136Ul1.jpg in Resources */ = {isa = PBXBuildFile; fileRef = FDCCBB041EEC83CC00B7D151 /* hand-holding-old-keys-1462981136Ul1.jpg */; };
		FDCCBB091EEC877600B7D151 /* binary Nums.png in Resources */ = {isa = PBXBuildFile; fileRef = FDCCBB081EEC877600B7D151 /* binary Nums.png */; };
		FDCCBB0B1EEC9E9B00B7D151 /* ToDo in Resources */ = {isa = PBXBuildFile; fileRef = FDCCBB0A1EEC9E9B00B7D151 /* ToDo */; };
/* End PBXBuildFile section */

/* Begin PBXFileReference section */
		FD9626F81EFA2C3100C8567A /* UtilityFile.swift */ = {isa = PBXFileReference; fileEncoding = 4; lastKnownFileType = sourcecode.swift; path = UtilityFile.swift; sourceTree = "<group>"; };
		FDCCBAEC1EEC771400B7D151 /* myPasswords.app */ = {isa = PBXFileReference; explicitFileType = wrapper.application; includeInIndex = 0; path = myPasswords.app; sourceTree = BUILT_PRODUCTS_DIR; };
		FDCCBAEF1EEC771400B7D151 /* AppDelegate.swift */ = {isa = PBXFileReference; lastKnownFileType = sourcecode.swift; path = AppDelegate.swift; sourceTree = "<group>"; };
		FDCCBAF11EEC771400B7D151 /* ViewController.swift */ = {isa = PBXFileReference; lastKnownFileType = sourcecode.swift; path = ViewController.swift; sourceTree = "<group>"; };
		FDCCBAF41EEC771400B7D151 /* Base */ = {isa = PBXFileReference; lastKnownFileType = file.storyboard; name = Base; path = Base.lproj/Main.storyboard; sourceTree = "<group>"; };
		FDCCBAF71EEC771400B7D151 /* myPasswords.xcdatamodel */ = {isa = PBXFileReference; lastKnownFileType = wrapper.xcdatamodel; path = myPasswords.xcdatamodel; sourceTree = "<group>"; };
		FDCCBAF91EEC771400B7D151 /* Assets.xcassets */ = {isa = PBXFileReference; lastKnownFileType = folder.assetcatalog; path = Assets.xcassets; sourceTree = "<group>"; };
		FDCCBAFC1EEC771400B7D151 /* Base */ = {isa = PBXFileReference; lastKnownFileType = file.storyboard; name = Base; path = Base.lproj/LaunchScreen.storyboard; sourceTree = "<group>"; };
		FDCCBAFE1EEC771400B7D151 /* Info.plist */ = {isa = PBXFileReference; lastKnownFileType = text.plist.xml; path = Info.plist; sourceTree = "<group>"; };
		FDCCBB041EEC83CC00B7D151 /* hand-holding-old-keys-1462981136Ul1.jpg */ = {isa = PBXFileReference; lastKnownFileType = image.jpeg; path = "hand-holding-old-keys-1462981136Ul1.jpg"; sourceTree = "<group>"; };
		FDCCBB081EEC877600B7D151 /* binary Nums.png */ = {isa = PBXFileReference; lastKnownFileType = image.png; path = "binary Nums.png"; sourceTree = "<group>"; };
		FDCCBB0A1EEC9E9B00B7D151 /* ToDo */ = {isa = PBXFileReference; fileEncoding = 4; lastKnownFileType = text; path = ToDo; sourceTree = "<group>"; };
/* End PBXFileReference section */

/* Begin PBXFrameworksBuildPhase section */
		FDCCBAE91EEC771400B7D151 /* Frameworks */ = {
			isa = PBXFrameworksBuildPhase;
			buildActionMask = 2147483647;
			files = (
			);
			runOnlyForDeploymentPostprocessing = 0;
		};
/* End PBXFrameworksBuildPhase section */

/* Begin PBXGroup section */
		FDCCBAE31EEC771400B7D151 = {
			isa = PBXGroup;
			children = (
				FDCCBB0A1EEC9E9B00B7D151 /* ToDo */,
				FDCCBB041EEC83CC00B7D151 /* hand-holding-old-keys-1462981136Ul1.jpg */,
				FDCCBB081EEC877600B7D151 /* binary Nums.png */,
				FDCCBAEE1EEC771400B7D151 /* myPasswords */,
				FDCCBAED1EEC771400B7D151 /* Products */,
			);
			sourceTree = "<group>";
		};
		FDCCBAED1EEC771400B7D151 /* Products */ = {
			isa = PBXGroup;
			children = (
				FDCCBAEC1EEC771400B7D151 /* myPasswords.app */,
			);
			name = Products;
			sourceTree = "<group>";
		};
		FDCCBAEE1EEC771400B7D151 /* myPasswords */ = {
			isa = PBXGroup;
			children = (
				FDCCBAEF1EEC771400B7D151 /* AppDelegate.swift */,
				FDCCBAF11EEC771400B7D151 /* ViewController.swift */,
				FDCCBAF31EEC771400B7D151 /* Main.storyboard */,
				FDCCBAF91EEC771400B7D151 /* Assets.xcassets */,
				FDCCBAFB1EEC771400B7D151 /* LaunchScreen.storyboard */,
				FDCCBAFE1EEC771400B7D151 /* Info.plist */,
				FDCCBAF61EEC771400B7D151 /* myPasswords.xcdatamodeld */,
				FD9626F81EFA2C3100C8567A /* UtilityFile.swift */,
			);
			path = myPasswords;
			sourceTree = "<group>";
		};
/* End PBXGroup section */

/* Begin PBXNativeTarget section */
		FDCCBAEB1EEC771400B7D151 /* myPasswords */ = {
			isa = PBXNativeTarget;
			buildConfigurationList = FDCCBB011EEC771400B7D151 /* Build configuration list for PBXNativeTarget "myPasswords" */;
			buildPhases = (
				FDCCBAE81EEC771400B7D151 /* Sources */,
				FDCCBAE91EEC771400B7D151 /* Frameworks */,
				FDCCBAEA1EEC771400B7D151 /* Resources */,
			);
			buildRules = (
			);
			dependencies = (
			);
			name = myPasswords;
			productName = myPasswords;
			productReference = FDCCBAEC1EEC771400B7D151 /* myPasswords.app */;
			productType = "com.apple.product-type.application";
		};
/* End PBXNativeTarget section */

/* Begin PBXProject section */
		FDCCBAE41EEC771400B7D151 /* Project object */ = {
			isa = PBXProject;
			attributes = {
				LastSwiftUpdateCheck = 0830;
				LastUpgradeCheck = 0830;
				ORGANIZATIONNAME = creativeApps;
				TargetAttributes = {
					FDCCBAEB1EEC771400B7D151 = {
						CreatedOnToolsVersion = 8.3.3;
						DevelopmentTeam = 6BEBP2F8T9;
						ProvisioningStyle = Automatic;
					};
				};
			};
			buildConfigurationList = FDCCBAE71EEC771400B7D151 /* Build configuration list for PBXProject "myPasswords" */;
			compatibilityVersion = "Xcode 3.2";
			developmentRegion = English;
			hasScannedForEncodings = 0;
			knownRegions = (
				en,
				Base,
			);
			mainGroup = FDCCBAE31EEC771400B7D151;
			productRefGroup = FDCCBAED1EEC771400B7D151 /* Products */;
			projectDirPath = "";
			projectRoot = "";
			targets = (
				FDCCBAEB1EEC771400B7D151 /* myPasswords */,
			);
		};
/* End PBXProject section */

/* Begin PBXResourcesBuildPhase section */
		FDCCBAEA1EEC771400B7D151 /* Resources */ = {
			isa = PBXResourcesBuildPhase;
			buildActionMask = 2147483647;
			files = (
				FDCCBB051EEC83CC00B7D151 /* hand-holding-old-keys-1462981136Ul1.jpg in Resources */,
				FDCCBB091EEC877600B7D151 /* binary Nums.png in Resources */,
				FDCCBB0B1EEC9E9B00B7D151 /* ToDo in Resources */,
				FDCCBAFD1EEC771400B7D151 /* LaunchScreen.storyboard in Resources */,
				FDCCBAFA1EEC771400B7D151 /* Assets.xcassets in Resources */,
				FDCCBAF51EEC771400B7D151 /* Main.storyboard in Resources */,
			);
			runOnlyForDeploymentPostprocessing = 0;
		};
/* End PBXResourcesBuildPhase section */

/* Begin PBXSourcesBuildPhase section */
		FDCCBAE81EEC771400B7D151 /* Sources */ = {
			isa = PBXSourcesBuildPhase;
			buildActionMask = 2147483647;
			files = (
				FD9626F91EFA2C3100C8567A /* UtilityFile.swift in Sources */,
				FDCCBAF21EEC771400B7D151 /* ViewController.swift in Sources */,
				FDCCBAF01EEC771400B7D151 /* AppDelegate.swift in Sources */,
				FDCCBAF81EEC771400B7D151 /* myPasswords.xcdatamodeld in Sources */,
			);
			runOnlyForDeploymentPostprocessing = 0;
		};
/* End PBXSourcesBuildPhase section */

/* Begin PBXVariantGroup section */
		FDCCBAF31EEC771400B7D151 /* Main.storyboard */ = {
			isa = PBXVariantGroup;
			children = (
				FDCCBAF41EEC771400B7D151 /* Base */,
			);
			name = Main.storyboard;
			sourceTree = "<group>";
		};
		FDCCBAFB1EEC771400B7D151 /* LaunchScreen.storyboard */ = {
			isa = PBXVariantGroup;
			children = (
				FDCCBAFC1EEC771400B7D151 /* Base */,
			);
			name = LaunchScreen.storyboard;
			sourceTree = "<group>";
		};
/* End PBXVariantGroup section */

/* Begin XCBuildConfiguration section */
		FDCCBAFF1EEC771400B7D151 /* Debug */ = {
			isa = XCBuildConfiguration;
			buildSettings = {
				ALWAYS_SEARCH_USER_PATHS = NO;
				CLANG_ADDRESS_SANITIZER_CONTAINER_OVERFLOW = NO;
				CLANG_ANALYZER_NONNULL = YES;
				CLANG_ANALYZER_NUMBER_OBJECT_CONVERSION = YES_AGGRESSIVE;
				CLANG_CXX_LANGUAGE_STANDARD = "gnu++0x";
				CLANG_CXX_LIBRARY = "libc++";
				CLANG_ENABLE_MODULES = YES;
				CLANG_ENABLE_OBJC_ARC = YES;
				CLANG_WARN_BOOL_CONVERSION = YES;
				CLANG_WARN_CONSTANT_CONVERSION = YES;
				CLANG_WARN_DIRECT_OBJC_ISA_USAGE = YES_ERROR;
				CLANG_WARN_DOCUMENTATION_COMMENTS = YES;
				CLANG_WARN_EMPTY_BODY = YES;
				CLANG_WARN_ENUM_CONVERSION = YES;
				CLANG_WARN_INFINITE_RECURSION = YES;
				CLANG_WARN_INT_CONVERSION = YES;
				CLANG_WARN_OBJC_ROOT_CLASS = YES_ERROR;
				CLANG_WARN_SUSPICIOUS_MOVE = YES;
				CLANG_WARN_UNREACHABLE_CODE = YES;
				CLANG_WARN__DUPLICATE_METHOD_MATCH = YES;
				"CODE_SIGN_IDENTITY[sdk=iphoneos*]" = "iPhone Developer";
				COPY_PHASE_STRIP = NO;
				DEBUG_INFORMATION_FORMAT = dwarf;
				ENABLE_STRICT_OBJC_MSGSEND = YES;
				ENABLE_TESTABILITY = YES;
				GCC_C_LANGUAGE_STANDARD = gnu99;
				GCC_DYNAMIC_NO_PIC = NO;
				GCC_NO_COMMON_BLOCKS = YES;
				GCC_OPTIMIZATION_LEVEL = 0;
				GCC_PREPROCESSOR_DEFINITIONS = (
					"DEBUG=1",
					"$(inherited)",
				);
				GCC_WARN_64_TO_32_BIT_CONVERSION = YES;
				GCC_WARN_ABOUT_RETURN_TYPE = YES_ERROR;
				GCC_WARN_UNDECLARED_SELECTOR = YES;
				GCC_WARN_UNINITIALIZED_AUTOS = YES_AGGRESSIVE;
				GCC_WARN_UNUSED_FUNCTION = YES;
				GCC_WARN_UNUSED_VARIABLE = YES;
				IPHONEOS_DEPLOYMENT_TARGET = 10.3;
				MTL_ENABLE_DEBUG_INFO = YES;
				ONLY_ACTIVE_ARCH = YES;
				SDKROOT = iphoneos;
				SWIFT_ACTIVE_COMPILATION_CONDITIONS = DEBUG;
				SWIFT_OPTIMIZATION_LEVEL = "-Onone";
			};
			name = Debug;
		};
		FDCCBB001EEC771400B7D151 /* Release */ = {
			isa = XCBuildConfiguration;
			buildSettings = {
				ALWAYS_SEARCH_USER_PATHS = NO;
				CLANG_ADDRESS_SANITIZER_CONTAINER_OVERFLOW = NO;
				CLANG_ANALYZER_NONNULL = YES;
				CLANG_ANALYZER_NUMBER_OBJECT_CONVERSION = YES_AGGRESSIVE;
				CLANG_CXX_LANGUAGE_STANDARD = "gnu++0x";
				CLANG_CXX_LIBRARY = "libc++";
				CLANG_ENABLE_MODULES = YES;
				CLANG_ENABLE_OBJC_ARC = YES;
				CLANG_WARN_BOOL_CONVERSION = YES;
				CLANG_WARN_CONSTANT_CONVERSION = YES;
				CLANG_WARN_DIRECT_OBJC_ISA_USAGE = YES_ERROR;
				CLANG_WARN_DOCUMENTATION_COMMENTS = YES;
				CLANG_WARN_EMPTY_BODY = YES;
				CLANG_WARN_ENUM_CONVERSION = YES;
				CLANG_WARN_INFINITE_RECURSION = YES;
				CLANG_WARN_INT_CONVERSION = YES;
				CLANG_WARN_OBJC_ROOT_CLASS = YES_ERROR;
				CLANG_WARN_SUSPICIOUS_MOVE = YES;
				CLANG_WARN_UNREACHABLE_CODE = YES;
				CLANG_WARN__DUPLICATE_METHOD_MATCH = YES;
				"CODE_SIGN_IDENTITY[sdk=iphoneos*]" = "iPhone Developer";
				COPY_PHASE_STRIP = NO;
				DEBUG_INFORMATION_FORMAT = "dwarf-with-dsym";
				ENABLE_NS_ASSERTIONS = NO;
				ENABLE_STRICT_OBJC_MSGSEND = YES;
				GCC_C_LANGUAGE_STANDARD = gnu99;
				GCC_NO_COMMON_BLOCKS = YES;
				GCC_WARN_64_TO_32_BIT_CONVERSION = YES;
				GCC_WARN_ABOUT_RETURN_TYPE = YES_ERROR;
				GCC_WARN_UNDECLARED_SELECTOR = YES;
				GCC_WARN_UNINITIALIZED_AUTOS = YES_AGGRESSIVE;
				GCC_WARN_UNUSED_FUNCTION = YES;
				GCC_WARN_UNUSED_VARIABLE = YES;
				IPHONEOS_DEPLOYMENT_TARGET = 10.3;
				MTL_ENABLE_DEBUG_INFO = NO;
				SDKROOT = iphoneos;
				SWIFT_OPTIMIZATION_LEVEL = "-Owholemodule";
				VALIDATE_PRODUCT = YES;
			};
			name = Release;
		};
		FDCCBB021EEC771400B7D151 /* Debug */ = {
			isa = XCBuildConfiguration;
			buildSettings = {
				ASSETCATALOG_COMPILER_APPICON_NAME = AppIcon;
				DEVELOPMENT_TEAM = 6BEBP2F8T9;
				INFOPLIST_FILE = myPasswords/Info.plist;
				LD_RUNPATH_SEARCH_PATHS = "$(inherited) @executable_path/Frameworks";
				PRODUCT_BUNDLE_IDENTIFIER = com.WhatIfApps.myPasswords;
				PRODUCT_NAME = "$(TARGET_NAME)";
				SWIFT_VERSION = 3.0;
			};
			name = Debug;
		};
		FDCCBB031EEC771400B7D151 /* Release */ = {
			isa = XCBuildConfiguration;
			buildSettings = {
				ASSETCATALOG_COMPILER_APPICON_NAME = AppIcon;
				DEVELOPMENT_TEAM = 6BEBP2F8T9;
				INFOPLIST_FILE = myPasswords/Info.plist;
				LD_RUNPATH_SEARCH_PATHS = "$(inherited) @executable_path/Frameworks";
				PRODUCT_BUNDLE_IDENTIFIER = com.WhatIfApps.myPasswords;
				PRODUCT_NAME = "$(TARGET_NAME)";
				SWIFT_VERSION = 3.0;
			};
			name = Release;
		};
/* End XCBuildConfiguration section */

/* Begin XCConfigurationList section */
		FDCCBAE71EEC771400B7D151 /* Build configuration list for PBXProject "myPasswords" */ = {
			isa = XCConfigurationList;
			buildConfigurations = (
				FDCCBAFF1EEC771400B7D151 /* Debug */,
				FDCCBB001EEC771400B7D151 /* Release */,
			);
			defaultConfigurationIsVisible = 0;
			defaultConfigurationName = Release;
		};
		FDCCBB011EEC771400B7D151 /* Build configuration list for PBXNativeTarget "myPasswords" */ = {
			isa = XCConfigurationList;
			buildConfigurations = (
				FDCCBB021EEC771400B7D151 /* Debug */,
				FDCCBB031EEC771400B7D151 /* Release */,
			);
			defaultConfigurationIsVisible = 0;
			defaultConfigurationName = Release;
		};
/* End XCConfigurationList section */

/* Begin XCVersionGroup section */
		FDCCBAF61EEC771400B7D151 /* myPasswords.xcdatamodeld */ = {
			isa = XCVersionGroup;
			children = (
				FDCCBAF71EEC771400B7D151 /* myPasswords.xcdatamodel */,
			);
			currentVersion = FDCCBAF71EEC771400B7D151 /* myPasswords.xcdatamodel */;
			path = myPasswords.xcdatamodeld;
			sourceTree = "<group>";
			versionGroupType = wrapper.xcdatamodel;
		};
/* End XCVersionGroup section */
	};
	rootObject = FDCCBAE41EEC771400B7D151 /* Project object */;
}
